
Microsoft Visual Studio Solution File, Format Version 12.00
# Visual Studio Version 17
VisualStudioVersion = 17.6.33723.286
MinimumVisualStudioVersion = 10.0.40219.1
Project("{FAE04EC0-301F-11D3-BF4B-00C04F79EFBC}") = "SimpleCRUD", "SimpleCRUD\SimpleCRUD.csproj", "{E212C8C8-BC64-4160-AFA9-A5A7FD088422}"
EndProject
Global
	GlobalSection(SolutionConfigurationPlatforms) = preSolution
		Debug|Any CPU = Debug|Any CPU
		Release|Any CPU = Release|Any CPU
	EndGlobalSection
	GlobalSection(ProjectConfigurationPlatforms) = postSolution
		{E212C8C8-BC64-4160-AFA9-A5A7FD088422}.Debug|Any CPU.ActiveCfg = Debug|Any CPU
		{E212C8C8-BC64-4160-AFA9-A5A7FD088422}.Debug|Any CPU.Build.0 = Debug|Any CPU
		{E212C8C8-BC64-4160-AFA9-A5A7FD088422}.Release|Any CPU.ActiveCfg = Release|Any CPU
		{E212C8C8-BC64-4160-AFA9-A5A7FD088422}.Release|Any CPU.Build.0 = Release|Any CPU
	EndGlobalSection
	GlobalSection(SolutionProperties) = preSolution
		HideSolutionNode = FALSE
	EndGlobalSection
	GlobalSection(ExtensibilityGlobals) = postSolution
		SolutionGuid = {F75A3A32-CF79-4133-8F16-461D55984549}
	EndGlobalSection
EndGlobal
